
Microsoft Visual Studio Solution File, Format Version 12.00
# Visual Studio 2013
VisualStudioVersion = 12.0.21005.1
MinimumVisualStudioVersion = 10.0.40219.1
Project("{FAE04EC0-301F-11D3-BF4B-00C04F79EFBC}") = "MyPower", "MyPower\MyPower.csproj", "{6B397881-C690-4836-A796-B09226D2E85F}"
EndProject
Project("{FAE04EC0-301F-11D3-BF4B-00C04F79EFBC}") = "MyPower.DB", "MyPower.DB\MyPower.DB.csproj", "{B3A2DCB1-FA14-4000-9873-B620239418D4}"
EndProject
Project("{FAE04EC0-301F-11D3-BF4B-00C04F79EFBC}") = "MyPower.Buiness", "MyPower.Buiness\MyPower.Buiness.csproj", "{2DD04BC6-7A38-40A1-87C7-4CA9F7580164}"
EndProject
Project("{FAE04EC0-301F-11D3-BF4B-00C04F79EFBC}") = "MyPower.Model", "MyPower.Model\MyPower.Model.csproj", "{83E7DEF4-3647-4B9F-8521-146E41340C81}"
EndProject
Project("{FAE04EC0-301F-11D3-BF4B-00C04F79EFBC}") = "MyPower.Factory", "MyPower.Factory\MyPower.Factory.csproj", "{E082CAB0-4F60-43EA-B090-0F37114F39BB}"
EndProject
Project("{FAE04EC0-301F-11D3-BF4B-00C04F79EFBC}") = "MyPower.HttpModule", "MyPower.HttpModule\MyPower.HttpModule.csproj", "{24C0386F-91AD-484D-97B0-023CD528B2E5}"
EndProject
Global
	GlobalSection(SolutionConfigurationPlatforms) = preSolution
		Debug|Any CPU = Debug|Any CPU
		Release|Any CPU = Release|Any CPU
	EndGlobalSection
	GlobalSection(ProjectConfigurationPlatforms) = postSolution
		{6B397881-C690-4836-A796-B09226D2E85F}.Debug|Any CPU.ActiveCfg = Debug|Any CPU
		{6B397881-C690-4836-A796-B09226D2E85F}.Debug|Any CPU.Build.0 = Debug|Any CPU
		{6B397881-C690-4836-A796-B09226D2E85F}.Release|Any CPU.ActiveCfg = Release|Any CPU
		{6B397881-C690-4836-A796-B09226D2E85F}.Release|Any CPU.Build.0 = Release|Any CPU
		{B3A2DCB1-FA14-4000-9873-B620239418D4}.Debug|Any CPU.ActiveCfg = Debug|Any CPU
		{B3A2DCB1-FA14-4000-9873-B620239418D4}.Debug|Any CPU.Build.0 = Debug|Any CPU
		{B3A2DCB1-FA14-4000-9873-B620239418D4}.Release|Any CPU.ActiveCfg = Release|Any CPU
		{B3A2DCB1-FA14-4000-9873-B620239418D4}.Release|Any CPU.Build.0 = Release|Any CPU
		{2DD04BC6-7A38-40A1-87C7-4CA9F7580164}.Debug|Any CPU.ActiveCfg = Debug|Any CPU
		{2DD04BC6-7A38-40A1-87C7-4CA9F7580164}.Debug|Any CPU.Build.0 = Debug|Any CPU
		{2DD04BC6-7A38-40A1-87C7-4CA9F7580164}.Release|Any CPU.ActiveCfg = Release|Any CPU
		{2DD04BC6-7A38-40A1-87C7-4CA9F7580164}.Release|Any CPU.Build.0 = Release|Any CPU
		{83E7DEF4-3647-4B9F-8521-146E41340C81}.Debug|Any CPU.ActiveCfg = Debug|Any CPU
		{83E7DEF4-3647-4B9F-8521-146E41340C81}.Debug|Any CPU.Build.0 = Debug|Any CPU
		{83E7DEF4-3647-4B9F-8521-146E41340C81}.Release|Any CPU.ActiveCfg = Release|Any CPU
		{83E7DEF4-3647-4B9F-8521-146E41340C81}.Release|Any CPU.Build.0 = Release|Any CPU
		{E082CAB0-4F60-43EA-B090-0F37114F39BB}.Debug|Any CPU.ActiveCfg = Debug|Any CPU
		{E082CAB0-4F60-43EA-B090-0F37114F39BB}.Debug|Any CPU.Build.0 = Debug|Any CPU
		{E082CAB0-4F60-43EA-B090-0F37114F39BB}.Release|Any CPU.ActiveCfg = Release|Any CPU
		{E082CAB0-4F60-43EA-B090-0F37114F39BB}.Release|Any CPU.Build.0 = Release|Any CPU
		{24C0386F-91AD-484D-97B0-023CD528B2E5}.Debug|Any CPU.ActiveCfg = Debug|Any CPU
		{24C0386F-91AD-484D-97B0-023CD528B2E5}.Debug|Any CPU.Build.0 = Debug|Any CPU
		{24C0386F-91AD-484D-97B0-023CD528B2E5}.Release|Any CPU.ActiveCfg = Release|Any CPU
		{24C0386F-91AD-484D-97B0-023CD528B2E5}.Release|Any CPU.Build.0 = Release|Any CPU
	EndGlobalSection
	GlobalSection(SolutionProperties) = preSolution
		HideSolutionNode = FALSE
	EndGlobalSection
EndGlobal
